
Microsoft Visual Studio Solution File, Format Version 12.00
# Visual Studio Version 16
VisualStudioVersion = 16.0.29025.244
MinimumVisualStudioVersion = 10.0.40219.1
Project("{FAE04EC0-301F-11D3-BF4B-00C04F79EFBC}") = "3Bank", "3Bank\3Bank.csproj", "{B7F50A3E-B7B6-4EB2-A949-F67C5396567B}"
EndProject
Global
	GlobalSection(SolutionConfigurationPlatforms) = preSolution
		Debug|Any CPU = Debug|Any CPU
		Release|Any CPU = Release|Any CPU
	EndGlobalSection
	GlobalSection(ProjectConfigurationPlatforms) = postSolution
		{B7F50A3E-B7B6-4EB2-A949-F67C5396567B}.Debug|Any CPU.ActiveCfg = Debug|Any CPU
		{B7F50A3E-B7B6-4EB2-A949-F67C5396567B}.Debug|Any CPU.Build.0 = Debug|Any CPU
		{B7F50A3E-B7B6-4EB2-A949-F67C5396567B}.Release|Any CPU.ActiveCfg = Release|Any CPU
		{B7F50A3E-B7B6-4EB2-A949-F67C5396567B}.Release|Any CPU.Build.0 = Release|Any CPU
	EndGlobalSection
	GlobalSection(SolutionProperties) = preSolution
		HideSolutionNode = FALSE
	EndGlobalSection
	GlobalSection(ExtensibilityGlobals) = postSolution
		SolutionGuid = {893D3D66-ACFC-42C3-BB51-873662C362BA}
	EndGlobalSection
EndGlobal
